
Microsoft Visual Studio Solution File, Format Version 12.00
# Visual Studio Version 17
VisualStudioVersion = 17.0.31903.59
MinimumVisualStudioVersion = 10.0.40219.1
Project("{2150E333-8FDC-42A3-9474-1A3956D46DE8}") = "src", "src", "{0C674D98-EBCC-48F2-9FD4-2A4F623C8259}"
EndProject
Project("{FAE04EC0-301F-11D3-BF4B-00C04F79EFBC}") = "LLM_Demo.Domain", "src\LLM_Demo.Domain\LLM_Demo.Domain.csproj", "{ED64FC9E-E340-40C2-8084-57100204DEF3}"
EndProject
Project("{FAE04EC0-301F-11D3-BF4B-00C04F79EFBC}") = "LLM_Demo.Application", "src\LLM_Demo.Application\LLM_Demo.Application.csproj", "{85622651-AFB6-4769-B6D0-DE5B8974F993}"
EndProject
Project("{FAE04EC0-301F-11D3-BF4B-00C04F79EFBC}") = "LLM_Demo.Infrastructure", "src\LLM_Demo.Infrastructure\LLM_Demo.Infrastructure.csproj", "{45ECDEA9-41B3-4613-A0B1-F89339FBC2E3}"
EndProject
Project("{FAE04EC0-301F-11D3-BF4B-00C04F79EFBC}") = "LLM_Demo.Agents", "src\LLM_Demo.Agents\LLM_Demo.Agents.csproj", "{45C70C5F-75E3-40B5-B62C-4B02C6EED804}"
EndProject
Project("{FAE04EC0-301F-11D3-BF4B-00C04F79EFBC}") = "LLM_Demo.Api", "src\LLM_Demo.Api\LLM_Demo.Api.csproj", "{765F0F46-1B3F-4355-8887-36F5D697F52E}"
EndProject
Global
	GlobalSection(SolutionConfigurationPlatforms) = preSolution
		Debug|Any CPU = Debug|Any CPU
		Release|Any CPU = Release|Any CPU
	EndGlobalSection
	GlobalSection(SolutionProperties) = preSolution
		HideSolutionNode = FALSE
	EndGlobalSection
	GlobalSection(ProjectConfigurationPlatforms) = postSolution
		{ED64FC9E-E340-40C2-8084-57100204DEF3}.Debug|Any CPU.ActiveCfg = Debug|Any CPU
		{ED64FC9E-E340-40C2-8084-57100204DEF3}.Debug|Any CPU.Build.0 = Debug|Any CPU
		{ED64FC9E-E340-40C2-8084-57100204DEF3}.Release|Any CPU.ActiveCfg = Release|Any CPU
		{ED64FC9E-E340-40C2-8084-57100204DEF3}.Release|Any CPU.Build.0 = Release|Any CPU
		{85622651-AFB6-4769-B6D0-DE5B8974F993}.Debug|Any CPU.ActiveCfg = Debug|Any CPU
		{85622651-AFB6-4769-B6D0-DE5B8974F993}.Debug|Any CPU.Build.0 = Debug|Any CPU
		{85622651-AFB6-4769-B6D0-DE5B8974F993}.Release|Any CPU.ActiveCfg = Release|Any CPU
		{85622651-AFB6-4769-B6D0-DE5B8974F993}.Release|Any CPU.Build.0 = Release|Any CPU
		{45ECDEA9-41B3-4613-A0B1-F89339FBC2E3}.Debug|Any CPU.ActiveCfg = Debug|Any CPU
		{45ECDEA9-41B3-4613-A0B1-F89339FBC2E3}.Debug|Any CPU.Build.0 = Debug|Any CPU
		{45ECDEA9-41B3-4613-A0B1-F89339FBC2E3}.Release|Any CPU.ActiveCfg = Release|Any CPU
		{45ECDEA9-41B3-4613-A0B1-F89339FBC2E3}.Release|Any CPU.Build.0 = Release|Any CPU
		{45C70C5F-75E3-40B5-B62C-4B02C6EED804}.Debug|Any CPU.ActiveCfg = Debug|Any CPU
		{45C70C5F-75E3-40B5-B62C-4B02C6EED804}.Debug|Any CPU.Build.0 = Debug|Any CPU
		{45C70C5F-75E3-40B5-B62C-4B02C6EED804}.Release|Any CPU.ActiveCfg = Release|Any CPU
		{45C70C5F-75E3-40B5-B62C-4B02C6EED804}.Release|Any CPU.Build.0 = Release|Any CPU
		{765F0F46-1B3F-4355-8887-36F5D697F52E}.Debug|Any CPU.ActiveCfg = Debug|Any CPU
		{765F0F46-1B3F-4355-8887-36F5D697F52E}.Debug|Any CPU.Build.0 = Debug|Any CPU
		{765F0F46-1B3F-4355-8887-36F5D697F52E}.Release|Any CPU.ActiveCfg = Release|Any CPU
		{765F0F46-1B3F-4355-8887-36F5D697F52E}.Release|Any CPU.Build.0 = Release|Any CPU
	EndGlobalSection
	GlobalSection(NestedProjects) = preSolution
		{ED64FC9E-E340-40C2-8084-57100204DEF3} = {0C674D98-EBCC-48F2-9FD4-2A4F623C8259}
		{85622651-AFB6-4769-B6D0-DE5B8974F993} = {0C674D98-EBCC-48F2-9FD4-2A4F623C8259}
		{45ECDEA9-41B3-4613-A0B1-F89339FBC2E3} = {0C674D98-EBCC-48F2-9FD4-2A4F623C8259}
		{45C70C5F-75E3-40B5-B62C-4B02C6EED804} = {0C674D98-EBCC-48F2-9FD4-2A4F623C8259}
		{765F0F46-1B3F-4355-8887-36F5D697F52E} = {0C674D98-EBCC-48F2-9FD4-2A4F623C8259}
	EndGlobalSection
EndGlobal
